
Microsoft Visual Studio Solution File, Format Version 12.00
# Visual Studio Version 16
VisualStudioVersion = 16.0.31515.178
MinimumVisualStudioVersion = 10.0.40219.1
Project("{FAE04EC0-301F-11D3-BF4B-00C04F79EFBC}") = "Red_Neuronal_Adaline_y_Perceptron", "PerceptronUnicapa\Red_Neuronal_Adaline_y_Perceptron.csproj", "{4079A5AC-B8B0-49FA-BD7E-22E85FEAF775}"
EndProject
Project("{FAE04EC0-301F-11D3-BF4B-00C04F79EFBC}") = "ENTIDAD", "Utilidades\ENTIDAD.csproj", "{80EABDF6-F017-432D-9522-096FF22C0686}"
EndProject
Global
	GlobalSection(SolutionConfigurationPlatforms) = preSolution
		Debug|Any CPU = Debug|Any CPU
		Release|Any CPU = Release|Any CPU
	EndGlobalSection
	GlobalSection(ProjectConfigurationPlatforms) = postSolution
		{4079A5AC-B8B0-49FA-BD7E-22E85FEAF775}.Debug|Any CPU.ActiveCfg = Debug|Any CPU
		{4079A5AC-B8B0-49FA-BD7E-22E85FEAF775}.Debug|Any CPU.Build.0 = Debug|Any CPU
		{4079A5AC-B8B0-49FA-BD7E-22E85FEAF775}.Release|Any CPU.ActiveCfg = Release|Any CPU
		{4079A5AC-B8B0-49FA-BD7E-22E85FEAF775}.Release|Any CPU.Build.0 = Release|Any CPU
		{80EABDF6-F017-432D-9522-096FF22C0686}.Debug|Any CPU.ActiveCfg = Debug|Any CPU
		{80EABDF6-F017-432D-9522-096FF22C0686}.Debug|Any CPU.Build.0 = Debug|Any CPU
		{80EABDF6-F017-432D-9522-096FF22C0686}.Release|Any CPU.ActiveCfg = Release|Any CPU
		{80EABDF6-F017-432D-9522-096FF22C0686}.Release|Any CPU.Build.0 = Release|Any CPU
	EndGlobalSection
	GlobalSection(SolutionProperties) = preSolution
		HideSolutionNode = FALSE
	EndGlobalSection
	GlobalSection(ExtensibilityGlobals) = postSolution
		SolutionGuid = {B7A05F72-677B-4864-B8A4-FB6C2059D216}
	EndGlobalSection
EndGlobal
